
Microsoft Visual Studio Solution File, Format Version 12.00
# Visual Studio Version 17
VisualStudioVersion = 17.3.32901.215
MinimumVisualStudioVersion = 10.0.40219.1
Project("{FAE04EC0-301F-11D3-BF4B-00C04F79EFBC}") = "OpenLab_11.00", "OpenLab_11.00\OpenLab_11.00.csproj", "{46F3A853-79F8-4D6A-B805-6222635237AF}"
EndProject
Global
	GlobalSection(SolutionConfigurationPlatforms) = preSolution
		Debug|Any CPU = Debug|Any CPU
		Release|Any CPU = Release|Any CPU
	EndGlobalSection
	GlobalSection(ProjectConfigurationPlatforms) = postSolution
		{46F3A853-79F8-4D6A-B805-6222635237AF}.Debug|Any CPU.ActiveCfg = Debug|Any CPU
		{46F3A853-79F8-4D6A-B805-6222635237AF}.Debug|Any CPU.Build.0 = Debug|Any CPU
		{46F3A853-79F8-4D6A-B805-6222635237AF}.Release|Any CPU.ActiveCfg = Release|Any CPU
		{46F3A853-79F8-4D6A-B805-6222635237AF}.Release|Any CPU.Build.0 = Release|Any CPU
	EndGlobalSection
	GlobalSection(SolutionProperties) = preSolution
		HideSolutionNode = FALSE
	EndGlobalSection
	GlobalSection(ExtensibilityGlobals) = postSolution
		SolutionGuid = {034907E8-C099-479B-995D-1370CC463AC2}
	EndGlobalSection
EndGlobal
